{
  "requires": true,
  "lockfileVersion": 1,
  "dependencies": {
    "@react-navigation/core": {
      "version": "5.2.1",
      "resolved": "https://registry.npmjs.org/@react-navigation/core/-/core-5.2.1.tgz",
      "integrity": "sha512-fRezZDtVFMfPtCkFUXFZlhrtECXuuFE9t2LnSyZdm3hZXBf7Gp6KvcMrlzAVXC/n8YCDSqhtDYz7EbF2gX6DJg==",
      "requires": {
        "@react-navigation/routers": "^5.1.0",
        "escape-string-regexp": "^2.0.0",
        "query-string": "^6.10.1",
        "react-is": "^16.12.0",
        "shortid": "^2.2.15",
        "use-subscription": "^1.3.0"
      }
    },
    "@react-navigation/native": {
      "version": "5.0.9",
      "resolved": "https://registry.npmjs.org/@react-navigation/native/-/native-5.0.9.tgz",
      "integrity": "sha512-iiCBWKv5zQ/PdvGhUEqMyDU30KK8PL2yXIG0j0CCTXriwRebJ1GPhBtfJdDFkSzzFt9Mhxgmok/+GJV8HqvJqA==",
      "requires": {
        "@react-navigation/core": "^5.2.1"
      }
    },
    "@react-navigation/routers": {
      "version": "5.1.0",
      "resolved": "https://registry.npmjs.org/@react-navigation/routers/-/routers-5.1.0.tgz",
      "integrity": "sha512-sY+eCIcWheflQIfGMSnWomnjP8d+7ZPmH1dKZ1pRezTqLWVlCFntQfQSr2FfM5LLVWty4gZ/K9D+o6UT4ntc3w==",
      "requires": {
        "shortid": "^2.2.15"
      }
    },
    "decode-uri-component": {
      "version": "0.2.0",
      "resolved": "https://registry.npmjs.org/decode-uri-component/-/decode-uri-component-0.2.0.tgz",
      "integrity": "sha1-6zkTMzRYd1y4TNGh+uBiEGu4dUU="
    },
    "escape-string-regexp": {
      "version": "2.0.0",
      "resolved": "https://registry.npmjs.org/escape-string-regexp/-/escape-string-regexp-2.0.0.tgz",
      "integrity": "sha512-UpzcLCXolUWcNu5HtVMHYdXJjArjsF9C0aNnquZYY4uW/Vu0miy5YoWvbV345HauVvcAUnpRuhMMcqTcGOY2+w=="
    },
    "nanoid": {
      "version": "2.1.11",
      "resolved": "https://registry.npmjs.org/nanoid/-/nanoid-2.1.11.tgz",
      "integrity": "sha512-s/snB+WGm6uwi0WjsZdaVcuf3KJXlfGl2LcxgwkEwJF0D/BWzVWAZW/XY4bFaiR7s0Jk3FPvlnepg1H1b1UwlA=="
    },
    "object-assign": {
      "version": "4.1.1",
      "resolved": "https://registry.npmjs.org/object-assign/-/object-assign-4.1.1.tgz",
      "integrity": "sha1-IQmtx5ZYh8/AXLvUQsrIv7s2CGM="
    },
    "query-string": {
      "version": "6.11.1",
      "resolved": "https://registry.npmjs.org/query-string/-/query-string-6.11.1.tgz",
      "integrity": "sha512-1ZvJOUl8ifkkBxu2ByVM/8GijMIPx+cef7u3yroO3Ogm4DOdZcF5dcrWTIlSHe3Pg/mtlt6/eFjObDfJureZZA==",
      "requires": {
        "decode-uri-component": "^0.2.0",
        "split-on-first": "^1.0.0",
        "strict-uri-encode": "^2.0.0"
      }
    },
    "react-is": {
      "version": "16.13.0",
      "resolved": "https://registry.npmjs.org/react-is/-/react-is-16.13.0.tgz",
      "integrity": "sha512-GFMtL0vHkiBv9HluwNZTggSn/sCyEt9n02aM0dSAjGGyqyNlAyftYm4phPxdvCigG15JreC5biwxCgTAJZ7yAA=="
    },
    "shortid": {
      "version": "2.2.15",
      "resolved": "https://registry.npmjs.org/shortid/-/shortid-2.2.15.tgz",
      "integrity": "sha512-5EaCy2mx2Jgc/Fdn9uuDuNIIfWBpzY4XIlhoqtXF6qsf+/+SGZ+FxDdX/ZsMZiWupIWNqAEmiNY4RC+LSmCeOw==",
      "requires": {
        "nanoid": "^2.1.0"
      }
    },
    "split-on-first": {
      "version": "1.1.0",
      "resolved": "https://registry.npmjs.org/split-on-first/-/split-on-first-1.1.0.tgz",
      "integrity": "sha512-43ZssAJaMusuKWL8sKUBQXHWOpq8d6CfN/u1p4gUzfJkM05C8rxTmYrkIPTXapZpORA6LkkzcUulJ8FqA7Uudw=="
    },
    "strict-uri-encode": {
      "version": "2.0.0",
      "resolved": "https://registry.npmjs.org/strict-uri-encode/-/strict-uri-encode-2.0.0.tgz",
      "integrity": "sha1-ucczDHBChi9rFC3CdLvMWGbONUY="
    },
    "use-subscription": {
      "version": "1.4.0",
      "resolved": "https://registry.npmjs.org/use-subscription/-/use-subscription-1.4.0.tgz",
      "integrity": "sha512-R7P7JWpeHp+dtEYsgDzIIgOmVqRfJjRjLOO0YIYk6twctUkUYe6Tz0pcabyTDGcMMRt9uMbFMfwBfxKHg9gCSw==",
      "requires": {
        "object-assign": "^4.1.1"
      }
    }
  }
}
