{
  "requires": true,
  "lockfileVersion": 1,
  "dependencies": {
    "react-native-clean-project": {
      "version": "3.3.0",
      "resolved": "https://registry.npmjs.org/react-native-clean-project/-/react-native-clean-project-3.3.0.tgz",
      "integrity": "sha512-IudFlNsaQd6QcgcbTZcNEXDlrJ9zzRspIUV7yvBX3bfB72Z9et9hIceH9+F+xYSlvwUSB4L/fvkIPosYKa+q9Q==",
      "dev": true
    }
  }
}
